// !$*UTF8*$!
{
	archiveVersion = 1;
	classes = {
	};
	objectVersion = 50;
	objects = {

/* Begin PBXBuildFile section */
		4806330722314B3100AB18A5 /* NICE4.png in Resources */ = {isa = PBXBuildFile; fileRef = 4806330622314B3100AB18A5 /* NICE4.png */; };
		4806330922314BBA00AB18A5 /* NICE5.png in Resources */ = {isa = PBXBuildFile; fileRef = 4806330822314BBA00AB18A5 /* NICE5.png */; };
		4806330B22314D0600AB18A5 /* PLUS.png in Resources */ = {isa = PBXBuildFile; fileRef = 4806330A22314D0600AB18A5 /* PLUS.png */; };
		4806330D2231530600AB18A5 /* NICE6.png in Resources */ = {isa = PBXBuildFile; fileRef = 4806330C2231530600AB18A5 /* NICE6.png */; };
		4806330F22316EE500AB18A5 /* NICE7.png in Resources */ = {isa = PBXBuildFile; fileRef = 4806330E22316EE500AB18A5 /* NICE7.png */; };
		480633112231736900AB18A5 /* NICE8.png in Resources */ = {isa = PBXBuildFile; fileRef = 480633102231736900AB18A5 /* NICE8.png */; };
		480633132231752D00AB18A5 /* NICE9.png in Resources */ = {isa = PBXBuildFile; fileRef = 480633122231752D00AB18A5 /* NICE9.png */; };
		4854B8F722201E3F005D19D5 /* CollectionViewController.swift in Sources */ = {isa = PBXBuildFile; fileRef = 4854B8F622201E3F005D19D5 /* CollectionViewController.swift */; };
		4854B8FA22201E7E005D19D5 /* CollectionViewCell.swift in Sources */ = {isa = PBXBuildFile; fileRef = 4854B8F822201E7E005D19D5 /* CollectionViewCell.swift */; };
		4854B8FB22201E7E005D19D5 /* CollectionViewCell.xib in Resources */ = {isa = PBXBuildFile; fileRef = 4854B8F922201E7E005D19D5 /* CollectionViewCell.xib */; };
		48731DA8220D933100BDD196 /* AppDelegate.swift in Sources */ = {isa = PBXBuildFile; fileRef = 48731DA7220D933100BDD196 /* AppDelegate.swift */; };
		48731DAA220D933100BDD196 /* ViewController.swift in Sources */ = {isa = PBXBuildFile; fileRef = 48731DA9220D933100BDD196 /* ViewController.swift */; };
		48731DAD220D933100BDD196 /* Main.storyboard in Resources */ = {isa = PBXBuildFile; fileRef = 48731DAB220D933100BDD196 /* Main.storyboard */; };
		48731DAF220D933700BDD196 /* Assets.xcassets in Resources */ = {isa = PBXBuildFile; fileRef = 48731DAE220D933700BDD196 /* Assets.xcassets */; };
		48731DB2220D933700BDD196 /* LaunchScreen.storyboard in Resources */ = {isa = PBXBuildFile; fileRef = 48731DB0220D933700BDD196 /* LaunchScreen.storyboard */; };
		48731DBD220D933800BDD196 /* todolistTests.swift in Sources */ = {isa = PBXBuildFile; fileRef = 48731DBC220D933800BDD196 /* todolistTests.swift */; };
		48731DC8220D933800BDD196 /* todolistUITests.swift in Sources */ = {isa = PBXBuildFile; fileRef = 48731DC7220D933800BDD196 /* todolistUITests.swift */; };
		48731DD6220D950E00BDD196 /* secondViewController.swift in Sources */ = {isa = PBXBuildFile; fileRef = 48731DD5220D950E00BDD196 /* secondViewController.swift */; };
		48731DD8220D954B00BDD196 /* thirdViewController.swift in Sources */ = {isa = PBXBuildFile; fileRef = 48731DD7220D954B00BDD196 /* thirdViewController.swift */; };
		48731DDB220D957A00BDD196 /* firstTableViewCell.swift in Sources */ = {isa = PBXBuildFile; fileRef = 48731DD9220D957A00BDD196 /* firstTableViewCell.swift */; };
		48731DDC220D957A00BDD196 /* firstTableViewCell.xib in Resources */ = {isa = PBXBuildFile; fileRef = 48731DDA220D957A00BDD196 /* firstTableViewCell.xib */; };
		48731DE3220D95B000BDD196 /* thirdTableViewCell.swift in Sources */ = {isa = PBXBuildFile; fileRef = 48731DE1220D95B000BDD196 /* thirdTableViewCell.swift */; };
		48731DE4220D95B000BDD196 /* thirdTableViewCell.xib in Resources */ = {isa = PBXBuildFile; fileRef = 48731DE2220D95B000BDD196 /* thirdTableViewCell.xib */; };
		48731DE6220DB86600BDD196 /* registerViewController.swift in Sources */ = {isa = PBXBuildFile; fileRef = 48731DE5220DB86600BDD196 /* registerViewController.swift */; };
		48731DE8220E5D9B00BDD196 /* addViewController.swift in Sources */ = {isa = PBXBuildFile; fileRef = 48731DE7220E5D9B00BDD196 /* addViewController.swift */; };
		487C0B46221EF24400FA7BC5 /* NICE.png in Resources */ = {isa = PBXBuildFile; fileRef = 487C0B45221EF24400FA7BC5 /* NICE.png */; };
		487C0B48221EF75F00FA7BC5 /* NICE2.png in Resources */ = {isa = PBXBuildFile; fileRef = 487C0B47221EF75F00FA7BC5 /* NICE2.png */; };
		487C0B4E221EFC6E00FA7BC5 /* MEMO.png in Resources */ = {isa = PBXBuildFile; fileRef = 487C0B4D221EFC6D00FA7BC5 /* MEMO.png */; };
		487C0B50221FCDD400FA7BC5 /* NICE3.png in Resources */ = {isa = PBXBuildFile; fileRef = 487C0B4F221FCDD400FA7BC5 /* NICE3.png */; };
/* End PBXBuildFile section */

/* Begin PBXContainerItemProxy section */
		48731DB9220D933800BDD196 /* PBXContainerItemProxy */ = {
			isa = PBXContainerItemProxy;
			containerPortal = 48731D9C220D933100BDD196 /* Project object */;
			proxyType = 1;
			remoteGlobalIDString = 48731DA3220D933100BDD196;
			remoteInfo = todolist;
		};
		48731DC4220D933800BDD196 /* PBXContainerItemProxy */ = {
			isa = PBXContainerItemProxy;
			containerPortal = 48731D9C220D933100BDD196 /* Project object */;
			proxyType = 1;
			remoteGlobalIDString = 48731DA3220D933100BDD196;
			remoteInfo = todolist;
		};
/* End PBXContainerItemProxy section */

/* Begin PBXFileReference section */
		4806330622314B3100AB18A5 /* NICE4.png */ = {isa = PBXFileReference; lastKnownFileType = image.png; path = NICE4.png; sourceTree = SOURCE_ROOT; };
		4806330822314BBA00AB18A5 /* NICE5.png */ = {isa = PBXFileReference; lastKnownFileType = image.png; path = NICE5.png; sourceTree = SOURCE_ROOT; };
		4806330A22314D0600AB18A5 /* PLUS.png */ = {isa = PBXFileReference; lastKnownFileType = image.png; path = PLUS.png; sourceTree = SOURCE_ROOT; };
		4806330C2231530600AB18A5 /* NICE6.png */ = {isa = PBXFileReference; lastKnownFileType = image.png; path = NICE6.png; sourceTree = SOURCE_ROOT; };
		4806330E22316EE500AB18A5 /* NICE7.png */ = {isa = PBXFileReference; lastKnownFileType = image.png; path = NICE7.png; sourceTree = SOURCE_ROOT; };
		480633102231736900AB18A5 /* NICE8.png */ = {isa = PBXFileReference; lastKnownFileType = image.png; path = NICE8.png; sourceTree = SOURCE_ROOT; };
		480633122231752D00AB18A5 /* NICE9.png */ = {isa = PBXFileReference; lastKnownFileType = image.png; path = NICE9.png; sourceTree = SOURCE_ROOT; };
		4854B8F622201E3F005D19D5 /* CollectionViewController.swift */ = {isa = PBXFileReference; lastKnownFileType = sourcecode.swift; path = CollectionViewController.swift; sourceTree = "<group>"; };
		4854B8F822201E7E005D19D5 /* CollectionViewCell.swift */ = {isa = PBXFileReference; lastKnownFileType = sourcecode.swift; path = CollectionViewCell.swift; sourceTree = "<group>"; };
		4854B8F922201E7E005D19D5 /* CollectionViewCell.xib */ = {isa = PBXFileReference; lastKnownFileType = file.xib; path = CollectionViewCell.xib; sourceTree = "<group>"; };
		48731DA4220D933100BDD196 /* todolist.app */ = {isa = PBXFileReference; explicitFileType = wrapper.application; includeInIndex = 0; path = todolist.app; sourceTree = BUILT_PRODUCTS_DIR; };
		48731DA7220D933100BDD196 /* AppDelegate.swift */ = {isa = PBXFileReference; lastKnownFileType = sourcecode.swift; path = AppDelegate.swift; sourceTree = "<group>"; };
		48731DA9220D933100BDD196 /* ViewController.swift */ = {isa = PBXFileReference; lastKnownFileType = sourcecode.swift; path = ViewController.swift; sourceTree = "<group>"; };
		48731DAC220D933100BDD196 /* Base */ = {isa = PBXFileReference; lastKnownFileType = file.storyboard; name = Base; path = Base.lproj/Main.storyboard; sourceTree = "<group>"; };
		48731DAE220D933700BDD196 /* Assets.xcassets */ = {isa = PBXFileReference; lastKnownFileType = folder.assetcatalog; path = Assets.xcassets; sourceTree = "<group>"; };
		48731DB1220D933700BDD196 /* Base */ = {isa = PBXFileReference; lastKnownFileType = file.storyboard; name = Base; path = Base.lproj/LaunchScreen.storyboard; sourceTree = "<group>"; };
		48731DB3220D933700BDD196 /* Info.plist */ = {isa = PBXFileReference; lastKnownFileType = text.plist.xml; path = Info.plist; sourceTree = "<group>"; };
		48731DB8220D933800BDD196 /* todolistTests.xctest */ = {isa = PBXFileReference; explicitFileType = wrapper.cfbundle; includeInIndex = 0; path = todolistTests.xctest; sourceTree = BUILT_PRODUCTS_DIR; };
		48731DBC220D933800BDD196 /* todolistTests.swift */ = {isa = PBXFileReference; lastKnownFileType = sourcecode.swift; path = todolistTests.swift; sourceTree = "<group>"; };
		48731DBE220D933800BDD196 /* Info.plist */ = {isa = PBXFileReference; lastKnownFileType = text.plist.xml; path = Info.plist; sourceTree = "<group>"; };
		48731DC3220D933800BDD196 /* todolistUITests.xctest */ = {isa = PBXFileReference; explicitFileType = wrapper.cfbundle; includeInIndex = 0; path = todolistUITests.xctest; sourceTree = BUILT_PRODUCTS_DIR; };
		48731DC7220D933800BDD196 /* todolistUITests.swift */ = {isa = PBXFileReference; lastKnownFileType = sourcecode.swift; path = todolistUITests.swift; sourceTree = "<group>"; };
		48731DC9220D933800BDD196 /* Info.plist */ = {isa = PBXFileReference; lastKnownFileType = text.plist.xml; path = Info.plist; sourceTree = "<group>"; };
		48731DD5220D950E00BDD196 /* secondViewController.swift */ = {isa = PBXFileReference; lastKnownFileType = sourcecode.swift; path = secondViewController.swift; sourceTree = "<group>"; };
		48731DD7220D954B00BDD196 /* thirdViewController.swift */ = {isa = PBXFileReference; lastKnownFileType = sourcecode.swift; path = thirdViewController.swift; sourceTree = "<group>"; };
		48731DD9220D957A00BDD196 /* firstTableViewCell.swift */ = {isa = PBXFileReference; lastKnownFileType = sourcecode.swift; path = firstTableViewCell.swift; sourceTree = "<group>"; };
		48731DDA220D957A00BDD196 /* firstTableViewCell.xib */ = {isa = PBXFileReference; lastKnownFileType = file.xib; path = firstTableViewCell.xib; sourceTree = "<group>"; };
		48731DE1220D95B000BDD196 /* thirdTableViewCell.swift */ = {isa = PBXFileReference; lastKnownFileType = sourcecode.swift; path = thirdTableViewCell.swift; sourceTree = "<group>"; };
		48731DE2220D95B000BDD196 /* thirdTableViewCell.xib */ = {isa = PBXFileReference; lastKnownFileType = file.xib; path = thirdTableViewCell.xib; sourceTree = "<group>"; };
		48731DE5220DB86600BDD196 /* registerViewController.swift */ = {isa = PBXFileReference; lastKnownFileType = sourcecode.swift; path = registerViewController.swift; sourceTree = "<group>"; };
		48731DE7220E5D9B00BDD196 /* addViewController.swift */ = {isa = PBXFileReference; lastKnownFileType = sourcecode.swift; path = addViewController.swift; sourceTree = "<group>"; };
		487C0B45221EF24400FA7BC5 /* NICE.png */ = {isa = PBXFileReference; lastKnownFileType = image.png; path = NICE.png; sourceTree = "<group>"; };
		487C0B47221EF75F00FA7BC5 /* NICE2.png */ = {isa = PBXFileReference; lastKnownFileType = image.png; path = NICE2.png; sourceTree = "<group>"; };
		487C0B4D221EFC6D00FA7BC5 /* MEMO.png */ = {isa = PBXFileReference; lastKnownFileType = image.png; path = MEMO.png; sourceTree = "<group>"; };
		487C0B4F221FCDD400FA7BC5 /* NICE3.png */ = {isa = PBXFileReference; lastKnownFileType = image.png; name = NICE3.png; path = ../../../NICE3.png; sourceTree = "<group>"; };
/* End PBXFileReference section */

/* Begin PBXFrameworksBuildPhase section */
		48731DA1220D933100BDD196 /* Frameworks */ = {
			isa = PBXFrameworksBuildPhase;
			buildActionMask = 2147483647;
			files = (
			);
			runOnlyForDeploymentPostprocessing = 0;
		};
		48731DB5220D933800BDD196 /* Frameworks */ = {
			isa = PBXFrameworksBuildPhase;
			buildActionMask = 2147483647;
			files = (
			);
			runOnlyForDeploymentPostprocessing = 0;
		};
		48731DC0220D933800BDD196 /* Frameworks */ = {
			isa = PBXFrameworksBuildPhase;
			buildActionMask = 2147483647;
			files = (
			);
			runOnlyForDeploymentPostprocessing = 0;
		};
/* End PBXFrameworksBuildPhase section */

/* Begin PBXGroup section */
		48731D9B220D933100BDD196 = {
			isa = PBXGroup;
			children = (
				48731DA6220D933100BDD196 /* todolist */,
				48731DBB220D933800BDD196 /* todolistTests */,
				48731DC6220D933800BDD196 /* todolistUITests */,
				48731DA5220D933100BDD196 /* Products */,
			);
			sourceTree = "<group>";
		};
		48731DA5220D933100BDD196 /* Products */ = {
			isa = PBXGroup;
			children = (
				48731DA4220D933100BDD196 /* todolist.app */,
				48731DB8220D933800BDD196 /* todolistTests.xctest */,
				48731DC3220D933800BDD196 /* todolistUITests.xctest */,
			);
			name = Products;
			sourceTree = "<group>";
		};
		48731DA6220D933100BDD196 /* todolist */ = {
			isa = PBXGroup;
			children = (
				480633122231752D00AB18A5 /* NICE9.png */,
				480633102231736900AB18A5 /* NICE8.png */,
				4806330E22316EE500AB18A5 /* NICE7.png */,
				4806330C2231530600AB18A5 /* NICE6.png */,
				4806330A22314D0600AB18A5 /* PLUS.png */,
				4806330822314BBA00AB18A5 /* NICE5.png */,
				4806330622314B3100AB18A5 /* NICE4.png */,
				487C0B4F221FCDD400FA7BC5 /* NICE3.png */,
				487C0B4D221EFC6D00FA7BC5 /* MEMO.png */,
				487C0B47221EF75F00FA7BC5 /* NICE2.png */,
				487C0B45221EF24400FA7BC5 /* NICE.png */,
				48731DA7220D933100BDD196 /* AppDelegate.swift */,
				48731DAB220D933100BDD196 /* Main.storyboard */,
				48731DAE220D933700BDD196 /* Assets.xcassets */,
				48731DB0220D933700BDD196 /* LaunchScreen.storyboard */,
				48731DB3220D933700BDD196 /* Info.plist */,
				48731DE5220DB86600BDD196 /* registerViewController.swift */,
				48731DA9220D933100BDD196 /* ViewController.swift */,
				4854B8F622201E3F005D19D5 /* CollectionViewController.swift */,
				48731DE7220E5D9B00BDD196 /* addViewController.swift */,
				48731DD7220D954B00BDD196 /* thirdViewController.swift */,
				48731DD9220D957A00BDD196 /* firstTableViewCell.swift */,
				48731DDA220D957A00BDD196 /* firstTableViewCell.xib */,
				48731DE1220D95B000BDD196 /* thirdTableViewCell.swift */,
				48731DE2220D95B000BDD196 /* thirdTableViewCell.xib */,
				4854B8F822201E7E005D19D5 /* CollectionViewCell.swift */,
				4854B8F922201E7E005D19D5 /* CollectionViewCell.xib */,
				48731DD5220D950E00BDD196 /* secondViewController.swift */,
			);
			path = todolist;
			sourceTree = "<group>";
		};
		48731DBB220D933800BDD196 /* todolistTests */ = {
			isa = PBXGroup;
			children = (
				48731DBC220D933800BDD196 /* todolistTests.swift */,
				48731DBE220D933800BDD196 /* Info.plist */,
			);
			path = todolistTests;
			sourceTree = "<group>";
		};
		48731DC6220D933800BDD196 /* todolistUITests */ = {
			isa = PBXGroup;
			children = (
				48731DC7220D933800BDD196 /* todolistUITests.swift */,
				48731DC9220D933800BDD196 /* Info.plist */,
			);
			path = todolistUITests;
			sourceTree = "<group>";
		};
/* End PBXGroup section */

/* Begin PBXNativeTarget section */
		48731DA3220D933100BDD196 /* todolist */ = {
			isa = PBXNativeTarget;
			buildConfigurationList = 48731DCC220D933800BDD196 /* Build configuration list for PBXNativeTarget "todolist" */;
			buildPhases = (
				48731DA0220D933100BDD196 /* Sources */,
				48731DA1220D933100BDD196 /* Frameworks */,
				48731DA2220D933100BDD196 /* Resources */,
			);
			buildRules = (
			);
			dependencies = (
			);
			name = todolist;
			productName = todolist;
			productReference = 48731DA4220D933100BDD196 /* todolist.app */;
			productType = "com.apple.product-type.application";
		};
		48731DB7220D933800BDD196 /* todolistTests */ = {
			isa = PBXNativeTarget;
			buildConfigurationList = 48731DCF220D933800BDD196 /* Build configuration list for PBXNativeTarget "todolistTests" */;
			buildPhases = (
				48731DB4220D933800BDD196 /* Sources */,
				48731DB5220D933800BDD196 /* Frameworks */,
				48731DB6220D933800BDD196 /* Resources */,
			);
			buildRules = (
			);
			dependencies = (
				48731DBA220D933800BDD196 /* PBXTargetDependency */,
			);
			name = todolistTests;
			productName = todolistTests;
			productReference = 48731DB8220D933800BDD196 /* todolistTests.xctest */;
			productType = "com.apple.product-type.bundle.unit-test";
		};
		48731DC2220D933800BDD196 /* todolistUITests */ = {
			isa = PBXNativeTarget;
			buildConfigurationList = 48731DD2220D933800BDD196 /* Build configuration list for PBXNativeTarget "todolistUITests" */;
			buildPhases = (
				48731DBF220D933800BDD196 /* Sources */,
				48731DC0220D933800BDD196 /* Frameworks */,
				48731DC1220D933800BDD196 /* Resources */,
			);
			buildRules = (
			);
			dependencies = (
				48731DC5220D933800BDD196 /* PBXTargetDependency */,
			);
			name = todolistUITests;
			productName = todolistUITests;
			productReference = 48731DC3220D933800BDD196 /* todolistUITests.xctest */;
			productType = "com.apple.product-type.bundle.ui-testing";
		};
/* End PBXNativeTarget section */

/* Begin PBXProject section */
		48731D9C220D933100BDD196 /* Project object */ = {
			isa = PBXProject;
			attributes = {
				LastSwiftUpdateCheck = 1010;
				LastUpgradeCheck = 1010;
				ORGANIZATIONNAME = "横尾美空";
				TargetAttributes = {
					48731DA3220D933100BDD196 = {
						CreatedOnToolsVersion = 10.1;
					};
					48731DB7220D933800BDD196 = {
						CreatedOnToolsVersion = 10.1;
						TestTargetID = 48731DA3220D933100BDD196;
					};
					48731DC2220D933800BDD196 = {
						CreatedOnToolsVersion = 10.1;
						TestTargetID = 48731DA3220D933100BDD196;
					};
				};
			};
			buildConfigurationList = 48731D9F220D933100BDD196 /* Build configuration list for PBXProject "todolist" */;
			compatibilityVersion = "Xcode 9.3";
			developmentRegion = en;
			hasScannedForEncodings = 0;
			knownRegions = (
				en,
				Base,
			);
			mainGroup = 48731D9B220D933100BDD196;
			productRefGroup = 48731DA5220D933100BDD196 /* Products */;
			projectDirPath = "";
			projectRoot = "";
			targets = (
				48731DA3220D933100BDD196 /* todolist */,
				48731DB7220D933800BDD196 /* todolistTests */,
				48731DC2220D933800BDD196 /* todolistUITests */,
			);
		};
/* End PBXProject section */

/* Begin PBXResourcesBuildPhase section */
		48731DA2220D933100BDD196 /* Resources */ = {
			isa = PBXResourcesBuildPhase;
			buildActionMask = 2147483647;
			files = (
				48731DB2220D933700BDD196 /* LaunchScreen.storyboard in Resources */,
				4806330D2231530600AB18A5 /* NICE6.png in Resources */,
				48731DAF220D933700BDD196 /* Assets.xcassets in Resources */,
				480633112231736900AB18A5 /* NICE8.png in Resources */,
				4806330722314B3100AB18A5 /* NICE4.png in Resources */,
				4854B8FB22201E7E005D19D5 /* CollectionViewCell.xib in Resources */,
				487C0B46221EF24400FA7BC5 /* NICE.png in Resources */,
				487C0B50221FCDD400FA7BC5 /* NICE3.png in Resources */,
				48731DDC220D957A00BDD196 /* firstTableViewCell.xib in Resources */,
				4806330F22316EE500AB18A5 /* NICE7.png in Resources */,
				48731DAD220D933100BDD196 /* Main.storyboard in Resources */,
				4806330922314BBA00AB18A5 /* NICE5.png in Resources */,
				487C0B48221EF75F00FA7BC5 /* NICE2.png in Resources */,
				487C0B4E221EFC6E00FA7BC5 /* MEMO.png in Resources */,
				480633132231752D00AB18A5 /* NICE9.png in Resources */,
				4806330B22314D0600AB18A5 /* PLUS.png in Resources */,
				48731DE4220D95B000BDD196 /* thirdTableViewCell.xib in Resources */,
			);
			runOnlyForDeploymentPostprocessing = 0;
		};
		48731DB6220D933800BDD196 /* Resources */ = {
			isa = PBXResourcesBuildPhase;
			buildActionMask = 2147483647;
			files = (
			);
			runOnlyForDeploymentPostprocessing = 0;
		};
		48731DC1220D933800BDD196 /* Resources */ = {
			isa = PBXResourcesBuildPhase;
			buildActionMask = 2147483647;
			files = (
			);
			runOnlyForDeploymentPostprocessing = 0;
		};
/* End PBXResourcesBuildPhase section */

/* Begin PBXSourcesBuildPhase section */
		48731DA0220D933100BDD196 /* Sources */ = {
			isa = PBXSourcesBuildPhase;
			buildActionMask = 2147483647;
			files = (
				48731DDB220D957A00BDD196 /* firstTableViewCell.swift in Sources */,
				48731DE3220D95B000BDD196 /* thirdTableViewCell.swift in Sources */,
				48731DE6220DB86600BDD196 /* registerViewController.swift in Sources */,
				4854B8F722201E3F005D19D5 /* CollectionViewController.swift in Sources */,
				48731DE8220E5D9B00BDD196 /* addViewController.swift in Sources */,
				48731DAA220D933100BDD196 /* ViewController.swift in Sources */,
				48731DD6220D950E00BDD196 /* secondViewController.swift in Sources */,
				48731DD8220D954B00BDD196 /* thirdViewController.swift in Sources */,
				48731DA8220D933100BDD196 /* AppDelegate.swift in Sources */,
				4854B8FA22201E7E005D19D5 /* CollectionViewCell.swift in Sources */,
			);
			runOnlyForDeploymentPostprocessing = 0;
		};
		48731DB4220D933800BDD196 /* Sources */ = {
			isa = PBXSourcesBuildPhase;
			buildActionMask = 2147483647;
			files = (
				48731DBD220D933800BDD196 /* todolistTests.swift in Sources */,
			);
			runOnlyForDeploymentPostprocessing = 0;
		};
		48731DBF220D933800BDD196 /* Sources */ = {
			isa = PBXSourcesBuildPhase;
			buildActionMask = 2147483647;
			files = (
				48731DC8220D933800BDD196 /* todolistUITests.swift in Sources */,
			);
			runOnlyForDeploymentPostprocessing = 0;
		};
/* End PBXSourcesBuildPhase section */

/* Begin PBXTargetDependency section */
		48731DBA220D933800BDD196 /* PBXTargetDependency */ = {
			isa = PBXTargetDependency;
			target = 48731DA3220D933100BDD196 /* todolist */;
			targetProxy = 48731DB9220D933800BDD196 /* PBXContainerItemProxy */;
		};
		48731DC5220D933800BDD196 /* PBXTargetDependency */ = {
			isa = PBXTargetDependency;
			target = 48731DA3220D933100BDD196 /* todolist */;
			targetProxy = 48731DC4220D933800BDD196 /* PBXContainerItemProxy */;
		};
/* End PBXTargetDependency section */

/* Begin PBXVariantGroup section */
		48731DAB220D933100BDD196 /* Main.storyboard */ = {
			isa = PBXVariantGroup;
			children = (
				48731DAC220D933100BDD196 /* Base */,
			);
			name = Main.storyboard;
			sourceTree = "<group>";
		};
		48731DB0220D933700BDD196 /* LaunchScreen.storyboard */ = {
			isa = PBXVariantGroup;
			children = (
				48731DB1220D933700BDD196 /* Base */,
			);
			name = LaunchScreen.storyboard;
			sourceTree = "<group>";
		};
/* End PBXVariantGroup section */

/* Begin XCBuildConfiguration section */
		48731DCA220D933800BDD196 /* Debug */ = {
			isa = XCBuildConfiguration;
			buildSettings = {
				ALWAYS_SEARCH_USER_PATHS = NO;
				CLANG_ANALYZER_NONNULL = YES;
				CLANG_ANALYZER_NUMBER_OBJECT_CONVERSION = YES_AGGRESSIVE;
				CLANG_CXX_LANGUAGE_STANDARD = "gnu++14";
				CLANG_CXX_LIBRARY = "libc++";
				CLANG_ENABLE_MODULES = YES;
				CLANG_ENABLE_OBJC_ARC = YES;
				CLANG_ENABLE_OBJC_WEAK = YES;
				CLANG_WARN_BLOCK_CAPTURE_AUTORELEASING = YES;
				CLANG_WARN_BOOL_CONVERSION = YES;
				CLANG_WARN_COMMA = YES;
				CLANG_WARN_CONSTANT_CONVERSION = YES;
				CLANG_WARN_DEPRECATED_OBJC_IMPLEMENTATIONS = YES;
				CLANG_WARN_DIRECT_OBJC_ISA_USAGE = YES_ERROR;
				CLANG_WARN_DOCUMENTATION_COMMENTS = YES;
				CLANG_WARN_EMPTY_BODY = YES;
				CLANG_WARN_ENUM_CONVERSION = YES;
				CLANG_WARN_INFINITE_RECURSION = YES;
				CLANG_WARN_INT_CONVERSION = YES;
				CLANG_WARN_NON_LITERAL_NULL_CONVERSION = YES;
				CLANG_WARN_OBJC_IMPLICIT_RETAIN_SELF = YES;
				CLANG_WARN_OBJC_LITERAL_CONVERSION = YES;
				CLANG_WARN_OBJC_ROOT_CLASS = YES_ERROR;
				CLANG_WARN_RANGE_LOOP_ANALYSIS = YES;
				CLANG_WARN_STRICT_PROTOTYPES = YES;
				CLANG_WARN_SUSPICIOUS_MOVE = YES;
				CLANG_WARN_UNGUARDED_AVAILABILITY = YES_AGGRESSIVE;
				CLANG_WARN_UNREACHABLE_CODE = YES;
				CLANG_WARN__DUPLICATE_METHOD_MATCH = YES;
				CODE_SIGN_IDENTITY = "iPhone Developer";
				COPY_PHASE_STRIP = NO;
				DEBUG_INFORMATION_FORMAT = dwarf;
				ENABLE_STRICT_OBJC_MSGSEND = YES;
				ENABLE_TESTABILITY = YES;
				GCC_C_LANGUAGE_STANDARD = gnu11;
				GCC_DYNAMIC_NO_PIC = NO;
				GCC_NO_COMMON_BLOCKS = YES;
				GCC_OPTIMIZATION_LEVEL = 0;
				GCC_PREPROCESSOR_DEFINITIONS = (
					"DEBUG=1",
					"$(inherited)",
				);
				GCC_WARN_64_TO_32_BIT_CONVERSION = YES;
				GCC_WARN_ABOUT_RETURN_TYPE = YES_ERROR;
				GCC_WARN_UNDECLARED_SELECTOR = YES;
				GCC_WARN_UNINITIALIZED_AUTOS = YES_AGGRESSIVE;
				GCC_WARN_UNUSED_FUNCTION = YES;
				GCC_WARN_UNUSED_VARIABLE = YES;
				IPHONEOS_DEPLOYMENT_TARGET = 12.1;
				MTL_ENABLE_DEBUG_INFO = INCLUDE_SOURCE;
				MTL_FAST_MATH = YES;
				ONLY_ACTIVE_ARCH = YES;
				SDKROOT = iphoneos;
				SWIFT_ACTIVE_COMPILATION_CONDITIONS = DEBUG;
				SWIFT_OPTIMIZATION_LEVEL = "-Onone";
			};
			name = Debug;
		};
		48731DCB220D933800BDD196 /* Release */ = {
			isa = XCBuildConfiguration;
			buildSettings = {
				ALWAYS_SEARCH_USER_PATHS = NO;
				CLANG_ANALYZER_NONNULL = YES;
				CLANG_ANALYZER_NUMBER_OBJECT_CONVERSION = YES_AGGRESSIVE;
				CLANG_CXX_LANGUAGE_STANDARD = "gnu++14";
				CLANG_CXX_LIBRARY = "libc++";
				CLANG_ENABLE_MODULES = YES;
				CLANG_ENABLE_OBJC_ARC = YES;
				CLANG_ENABLE_OBJC_WEAK = YES;
				CLANG_WARN_BLOCK_CAPTURE_AUTORELEASING = YES;
				CLANG_WARN_BOOL_CONVERSION = YES;
				CLANG_WARN_COMMA = YES;
				CLANG_WARN_CONSTANT_CONVERSION = YES;
				CLANG_WARN_DEPRECATED_OBJC_IMPLEMENTATIONS = YES;
				CLANG_WARN_DIRECT_OBJC_ISA_USAGE = YES_ERROR;
				CLANG_WARN_DOCUMENTATION_COMMENTS = YES;
				CLANG_WARN_EMPTY_BODY = YES;
				CLANG_WARN_ENUM_CONVERSION = YES;
				CLANG_WARN_INFINITE_RECURSION = YES;
				CLANG_WARN_INT_CONVERSION = YES;
				CLANG_WARN_NON_LITERAL_NULL_CONVERSION = YES;
				CLANG_WARN_OBJC_IMPLICIT_RETAIN_SELF = YES;
				CLANG_WARN_OBJC_LITERAL_CONVERSION = YES;
				CLANG_WARN_OBJC_ROOT_CLASS = YES_ERROR;
				CLANG_WARN_RANGE_LOOP_ANALYSIS = YES;
				CLANG_WARN_STRICT_PROTOTYPES = YES;
				CLANG_WARN_SUSPICIOUS_MOVE = YES;
				CLANG_WARN_UNGUARDED_AVAILABILITY = YES_AGGRESSIVE;
				CLANG_WARN_UNREACHABLE_CODE = YES;
				CLANG_WARN__DUPLICATE_METHOD_MATCH = YES;
				CODE_SIGN_IDENTITY = "iPhone Developer";
				COPY_PHASE_STRIP = NO;
				DEBUG_INFORMATION_FORMAT = "dwarf-with-dsym";
				ENABLE_NS_ASSERTIONS = NO;
				ENABLE_STRICT_OBJC_MSGSEND = YES;
				GCC_C_LANGUAGE_STANDARD = gnu11;
				GCC_NO_COMMON_BLOCKS = YES;
				GCC_WARN_64_TO_32_BIT_CONVERSION = YES;
				GCC_WARN_ABOUT_RETURN_TYPE = YES_ERROR;
				GCC_WARN_UNDECLARED_SELECTOR = YES;
				GCC_WARN_UNINITIALIZED_AUTOS = YES_AGGRESSIVE;
				GCC_WARN_UNUSED_FUNCTION = YES;
				GCC_WARN_UNUSED_VARIABLE = YES;
				IPHONEOS_DEPLOYMENT_TARGET = 12.1;
				MTL_ENABLE_DEBUG_INFO = NO;
				MTL_FAST_MATH = YES;
				SDKROOT = iphoneos;
				SWIFT_COMPILATION_MODE = wholemodule;
				SWIFT_OPTIMIZATION_LEVEL = "-O";
				VALIDATE_PRODUCT = YES;
			};
			name = Release;
		};
		48731DCD220D933800BDD196 /* Debug */ = {
			isa = XCBuildConfiguration;
			buildSettings = {
				ASSETCATALOG_COMPILER_APPICON_NAME = AppIcon;
				CODE_SIGN_STYLE = Automatic;
				DEVELOPMENT_TEAM = 9JN8A4BJ2A;
				INFOPLIST_FILE = todolist/Info.plist;
				LD_RUNPATH_SEARCH_PATHS = (
					"$(inherited)",
					"@executable_path/Frameworks",
				);
				PRODUCT_BUNDLE_IDENTIFIER = happy.450.mikumiku.todolist;
				PRODUCT_NAME = "$(TARGET_NAME)";
				SWIFT_VERSION = 4.2;
				TARGETED_DEVICE_FAMILY = "1,2";
			};
			name = Debug;
		};
		48731DCE220D933800BDD196 /* Release */ = {
			isa = XCBuildConfiguration;
			buildSettings = {
				ASSETCATALOG_COMPILER_APPICON_NAME = AppIcon;
				CODE_SIGN_STYLE = Automatic;
				DEVELOPMENT_TEAM = 9JN8A4BJ2A;
				INFOPLIST_FILE = todolist/Info.plist;
				LD_RUNPATH_SEARCH_PATHS = (
					"$(inherited)",
					"@executable_path/Frameworks",
				);
				PRODUCT_BUNDLE_IDENTIFIER = happy.450.mikumiku.todolist;
				PRODUCT_NAME = "$(TARGET_NAME)";
				SWIFT_VERSION = 4.2;
				TARGETED_DEVICE_FAMILY = "1,2";
			};
			name = Release;
		};
		48731DD0220D933800BDD196 /* Debug */ = {
			isa = XCBuildConfiguration;
			buildSettings = {
				ALWAYS_EMBED_SWIFT_STANDARD_LIBRARIES = YES;
				BUNDLE_LOADER = "$(TEST_HOST)";
				CODE_SIGN_STYLE = Automatic;
				DEVELOPMENT_TEAM = 9JN8A4BJ2A;
				INFOPLIST_FILE = todolistTests/Info.plist;
				LD_RUNPATH_SEARCH_PATHS = (
					"$(inherited)",
					"@executable_path/Frameworks",
					"@loader_path/Frameworks",
				);
				PRODUCT_BUNDLE_IDENTIFIER = happy.450.mikumiku.todolistTests;
				PRODUCT_NAME = "$(TARGET_NAME)";
				SWIFT_VERSION = 4.2;
				TARGETED_DEVICE_FAMILY = "1,2";
				TEST_HOST = "$(BUILT_PRODUCTS_DIR)/todolist.app/todolist";
			};
			name = Debug;
		};
		48731DD1220D933800BDD196 /* Release */ = {
			isa = XCBuildConfiguration;
			buildSettings = {
				ALWAYS_EMBED_SWIFT_STANDARD_LIBRARIES = YES;
				BUNDLE_LOADER = "$(TEST_HOST)";
				CODE_SIGN_STYLE = Automatic;
				DEVELOPMENT_TEAM = 9JN8A4BJ2A;
				INFOPLIST_FILE = todolistTests/Info.plist;
				LD_RUNPATH_SEARCH_PATHS = (
					"$(inherited)",
					"@executable_path/Frameworks",
					"@loader_path/Frameworks",
				);
				PRODUCT_BUNDLE_IDENTIFIER = happy.450.mikumiku.todolistTests;
				PRODUCT_NAME = "$(TARGET_NAME)";
				SWIFT_VERSION = 4.2;
				TARGETED_DEVICE_FAMILY = "1,2";
				TEST_HOST = "$(BUILT_PRODUCTS_DIR)/todolist.app/todolist";
			};
			name = Release;
		};
		48731DD3220D933800BDD196 /* Debug */ = {
			isa = XCBuildConfiguration;
			buildSettings = {
				ALWAYS_EMBED_SWIFT_STANDARD_LIBRARIES = YES;
				CODE_SIGN_STYLE = Automatic;
				DEVELOPMENT_TEAM = 9JN8A4BJ2A;
				INFOPLIST_FILE = todolistUITests/Info.plist;
				LD_RUNPATH_SEARCH_PATHS = (
					"$(inherited)",
					"@executable_path/Frameworks",
					"@loader_path/Frameworks",
				);
				PRODUCT_BUNDLE_IDENTIFIER = happy.450.mikumiku.todolistUITests;
				PRODUCT_NAME = "$(TARGET_NAME)";
				SWIFT_VERSION = 4.2;
				TARGETED_DEVICE_FAMILY = "1,2";
				TEST_TARGET_NAME = todolist;
			};
			name = Debug;
		};
		48731DD4220D933800BDD196 /* Release */ = {
			isa = XCBuildConfiguration;
			buildSettings = {
				ALWAYS_EMBED_SWIFT_STANDARD_LIBRARIES = YES;
				CODE_SIGN_STYLE = Automatic;
				DEVELOPMENT_TEAM = 9JN8A4BJ2A;
				INFOPLIST_FILE = todolistUITests/Info.plist;
				LD_RUNPATH_SEARCH_PATHS = (
					"$(inherited)",
					"@executable_path/Frameworks",
					"@loader_path/Frameworks",
				);
				PRODUCT_BUNDLE_IDENTIFIER = happy.450.mikumiku.todolistUITests;
				PRODUCT_NAME = "$(TARGET_NAME)";
				SWIFT_VERSION = 4.2;
				TARGETED_DEVICE_FAMILY = "1,2";
				TEST_TARGET_NAME = todolist;
			};
			name = Release;
		};
/* End XCBuildConfiguration section */

/* Begin XCConfigurationList section */
		48731D9F220D933100BDD196 /* Build configuration list for PBXProject "todolist" */ = {
			isa = XCConfigurationList;
			buildConfigurations = (
				48731DCA220D933800BDD196 /* Debug */,
				48731DCB220D933800BDD196 /* Release */,
			);
			defaultConfigurationIsVisible = 0;
			defaultConfigurationName = Release;
		};
		48731DCC220D933800BDD196 /* Build configuration list for PBXNativeTarget "todolist" */ = {
			isa = XCConfigurationList;
			buildConfigurations = (
				48731DCD220D933800BDD196 /* Debug */,
				48731DCE220D933800BDD196 /* Release */,
			);
			defaultConfigurationIsVisible = 0;
			defaultConfigurationName = Release;
		};
		48731DCF220D933800BDD196 /* Build configuration list for PBXNativeTarget "todolistTests" */ = {
			isa = XCConfigurationList;
			buildConfigurations = (
				48731DD0220D933800BDD196 /* Debug */,
				48731DD1220D933800BDD196 /* Release */,
			);
			defaultConfigurationIsVisible = 0;
			defaultConfigurationName = Release;
		};
		48731DD2220D933800BDD196 /* Build configuration list for PBXNativeTarget "todolistUITests" */ = {
			isa = XCConfigurationList;
			buildConfigurations = (
				48731DD3220D933800BDD196 /* Debug */,
				48731DD4220D933800BDD196 /* Release */,
			);
			defaultConfigurationIsVisible = 0;
			defaultConfigurationName = Release;
		};
/* End XCConfigurationList section */
	};
	rootObject = 48731D9C220D933100BDD196 /* Project object */;
}
